// !$*UTF8*$!
{
	archiveVersion = 1;
	classes = {
	};
	objectVersion = 50;
	objects = {

/* Begin PBXBuildFile section */
		5760CCAE21F8206500B9EFEF /* AppDelegate.swift in Sources */ = {isa = PBXBuildFile; fileRef = 5760CCAD21F8206500B9EFEF /* AppDelegate.swift */; };
		5760CCB021F8206500B9EFEF /* ViewController.swift in Sources */ = {isa = PBXBuildFile; fileRef = 5760CCAF21F8206500B9EFEF /* ViewController.swift */; };
		5760CCB321F8206500B9EFEF /* Main.storyboard in Resources */ = {isa = PBXBuildFile; fileRef = 5760CCB121F8206500B9EFEF /* Main.storyboard */; };
		5760CCB521F8206600B9EFEF /* Assets.xcassets in Resources */ = {isa = PBXBuildFile; fileRef = 5760CCB421F8206600B9EFEF /* Assets.xcassets */; };
		5760CCB821F8206600B9EFEF /* LaunchScreen.storyboard in Resources */ = {isa = PBXBuildFile; fileRef = 5760CCB621F8206600B9EFEF /* LaunchScreen.storyboard */; };
		5760CCC321F8206700B9EFEF /* TipCalculatorTests.swift in Sources */ = {isa = PBXBuildFile; fileRef = 5760CCC221F8206700B9EFEF /* TipCalculatorTests.swift */; };
		5760CCCE21F8206700B9EFEF /* TipCalculatorUITests.swift in Sources */ = {isa = PBXBuildFile; fileRef = 5760CCCD21F8206700B9EFEF /* TipCalculatorUITests.swift */; };
/* End PBXBuildFile section */

/* Begin PBXContainerItemProxy section */
		5760CCBF21F8206700B9EFEF /* PBXContainerItemProxy */ = {
			isa = PBXContainerItemProxy;
			containerPortal = 5760CCA221F8206500B9EFEF /* Project object */;
			proxyType = 1;
			remoteGlobalIDString = 5760CCA921F8206500B9EFEF;
			remoteInfo = TipCalculator;
		};
		5760CCCA21F8206700B9EFEF /* PBXContainerItemProxy */ = {
			isa = PBXContainerItemProxy;
			containerPortal = 5760CCA221F8206500B9EFEF /* Project object */;
			proxyType = 1;
			remoteGlobalIDString = 5760CCA921F8206500B9EFEF;
			remoteInfo = TipCalculator;
		};
/* End PBXContainerItemProxy section */

/* Begin PBXFileReference section */
		5760CCAA21F8206500B9EFEF /* TipCalculator.app */ = {isa = PBXFileReference; explicitFileType = wrapper.application; includeInIndex = 0; path = TipCalculator.app; sourceTree = BUILT_PRODUCTS_DIR; };
		5760CCAD21F8206500B9EFEF /* AppDelegate.swift */ = {isa = PBXFileReference; lastKnownFileType = sourcecode.swift; path = AppDelegate.swift; sourceTree = "<group>"; };
		5760CCAF21F8206500B9EFEF /* ViewController.swift */ = {isa = PBXFileReference; lastKnownFileType = sourcecode.swift; path = ViewController.swift; sourceTree = "<group>"; };
		5760CCB221F8206500B9EFEF /* Base */ = {isa = PBXFileReference; lastKnownFileType = file.storyboard; name = Base; path = Base.lproj/Main.storyboard; sourceTree = "<group>"; };
		5760CCB421F8206600B9EFEF /* Assets.xcassets */ = {isa = PBXFileReference; lastKnownFileType = folder.assetcatalog; path = Assets.xcassets; sourceTree = "<group>"; };
		5760CCB721F8206600B9EFEF /* Base */ = {isa = PBXFileReference; lastKnownFileType = file.storyboard; name = Base; path = Base.lproj/LaunchScreen.storyboard; sourceTree = "<group>"; };
		5760CCB921F8206600B9EFEF /* Info.plist */ = {isa = PBXFileReference; lastKnownFileType = text.plist.xml; path = Info.plist; sourceTree = "<group>"; };
		5760CCBE21F8206700B9EFEF /* TipCalculatorTests.xctest */ = {isa = PBXFileReference; explicitFileType = wrapper.cfbundle; includeInIndex = 0; path = TipCalculatorTests.xctest; sourceTree = BUILT_PRODUCTS_DIR; };
		5760CCC221F8206700B9EFEF /* TipCalculatorTests.swift */ = {isa = PBXFileReference; lastKnownFileType = sourcecode.swift; path = TipCalculatorTests.swift; sourceTree = "<group>"; };
		5760CCC421F8206700B9EFEF /* Info.plist */ = {isa = PBXFileReference; lastKnownFileType = text.plist.xml; path = Info.plist; sourceTree = "<group>"; };
		5760CCC921F8206700B9EFEF /* TipCalculatorUITests.xctest */ = {isa = PBXFileReference; explicitFileType = wrapper.cfbundle; includeInIndex = 0; path = TipCalculatorUITests.xctest; sourceTree = BUILT_PRODUCTS_DIR; };
		5760CCCD21F8206700B9EFEF /* TipCalculatorUITests.swift */ = {isa = PBXFileReference; lastKnownFileType = sourcecode.swift; path = TipCalculatorUITests.swift; sourceTree = "<group>"; };
		5760CCCF21F8206700B9EFEF /* Info.plist */ = {isa = PBXFileReference; lastKnownFileType = text.plist.xml; path = Info.plist; sourceTree = "<group>"; };
/* End PBXFileReference section */

/* Begin PBXFrameworksBuildPhase section */
		5760CCA721F8206500B9EFEF /* Frameworks */ = {
			isa = PBXFrameworksBuildPhase;
			buildActionMask = 2147483647;
			files = (
			);
			runOnlyForDeploymentPostprocessing = 0;
		};
		5760CCBB21F8206700B9EFEF /* Frameworks */ = {
			isa = PBXFrameworksBuildPhase;
			buildActionMask = 2147483647;
			files = (
			);
			runOnlyForDeploymentPostprocessing = 0;
		};
		5760CCC621F8206700B9EFEF /* Frameworks */ = {
			isa = PBXFrameworksBuildPhase;
			buildActionMask = 2147483647;
			files = (
			);
			runOnlyForDeploymentPostprocessing = 0;
		};
/* End PBXFrameworksBuildPhase section */

/* Begin PBXGroup section */
		5760CCA121F8206500B9EFEF = {
			isa = PBXGroup;
			children = (
				5760CCAC21F8206500B9EFEF /* TipCalculator */,
				5760CCC121F8206700B9EFEF /* TipCalculatorTests */,
				5760CCCC21F8206700B9EFEF /* TipCalculatorUITests */,
				5760CCAB21F8206500B9EFEF /* Products */,
			);
			sourceTree = "<group>";
		};
		5760CCAB21F8206500B9EFEF /* Products */ = {
			isa = PBXGroup;
			children = (
				5760CCAA21F8206500B9EFEF /* TipCalculator.app */,
				5760CCBE21F8206700B9EFEF /* TipCalculatorTests.xctest */,
				5760CCC921F8206700B9EFEF /* TipCalculatorUITests.xctest */,
			);
			name = Products;
			sourceTree = "<group>";
		};
		5760CCAC21F8206500B9EFEF /* TipCalculator */ = {
			isa = PBXGroup;
			children = (
				5760CCAD21F8206500B9EFEF /* AppDelegate.swift */,
				5760CCAF21F8206500B9EFEF /* ViewController.swift */,
				5760CCB121F8206500B9EFEF /* Main.storyboard */,
				5760CCB421F8206600B9EFEF /* Assets.xcassets */,
				5760CCB621F8206600B9EFEF /* LaunchScreen.storyboard */,
				5760CCB921F8206600B9EFEF /* Info.plist */,
			);
			path = TipCalculator;
			sourceTree = "<group>";
		};
		5760CCC121F8206700B9EFEF /* TipCalculatorTests */ = {
			isa = PBXGroup;
			children = (
				5760CCC221F8206700B9EFEF /* TipCalculatorTests.swift */,
				5760CCC421F8206700B9EFEF /* Info.plist */,
			);
			path = TipCalculatorTests;
			sourceTree = "<group>";
		};
		5760CCCC21F8206700B9EFEF /* TipCalculatorUITests */ = {
			isa = PBXGroup;
			children = (
				5760CCCD21F8206700B9EFEF /* TipCalculatorUITests.swift */,
				5760CCCF21F8206700B9EFEF /* Info.plist */,
			);
			path = TipCalculatorUITests;
			sourceTree = "<group>";
		};
/* End PBXGroup section */

/* Begin PBXNativeTarget section */
		5760CCA921F8206500B9EFEF /* TipCalculator */ = {
			isa = PBXNativeTarget;
			buildConfigurationList = 5760CCD221F8206700B9EFEF /* Build configuration list for PBXNativeTarget "TipCalculator" */;
			buildPhases = (
				5760CCA621F8206500B9EFEF /* Sources */,
				5760CCA721F8206500B9EFEF /* Frameworks */,
				5760CCA821F8206500B9EFEF /* Resources */,
			);
			buildRules = (
			);
			dependencies = (
			);
			name = TipCalculator;
			productName = TipCalculator;
			productReference = 5760CCAA21F8206500B9EFEF /* TipCalculator.app */;
			productType = "com.apple.product-type.application";
		};
		5760CCBD21F8206700B9EFEF /* TipCalculatorTests */ = {
			isa = PBXNativeTarget;
			buildConfigurationList = 5760CCD521F8206700B9EFEF /* Build configuration list for PBXNativeTarget "TipCalculatorTests" */;
			buildPhases = (
				5760CCBA21F8206700B9EFEF /* Sources */,
				5760CCBB21F8206700B9EFEF /* Frameworks */,
				5760CCBC21F8206700B9EFEF /* Resources */,
			);
			buildRules = (
			);
			dependencies = (
				5760CCC021F8206700B9EFEF /* PBXTargetDependency */,
			);
			name = TipCalculatorTests;
			productName = TipCalculatorTests;
			productReference = 5760CCBE21F8206700B9EFEF /* TipCalculatorTests.xctest */;
			productType = "com.apple.product-type.bundle.unit-test";
		};
		5760CCC821F8206700B9EFEF /* TipCalculatorUITests */ = {
			isa = PBXNativeTarget;
			buildConfigurationList = 5760CCD821F8206700B9EFEF /* Build configuration list for PBXNativeTarget "TipCalculatorUITests" */;
			buildPhases = (
				5760CCC521F8206700B9EFEF /* Sources */,
				5760CCC621F8206700B9EFEF /* Frameworks */,
				5760CCC721F8206700B9EFEF /* Resources */,
			);
			buildRules = (
			);
			dependencies = (
				5760CCCB21F8206700B9EFEF /* PBXTargetDependency */,
			);
			name = TipCalculatorUITests;
			productName = TipCalculatorUITests;
			productReference = 5760CCC921F8206700B9EFEF /* TipCalculatorUITests.xctest */;
			productType = "com.apple.product-type.bundle.ui-testing";
		};
/* End PBXNativeTarget section */

/* Begin PBXProject section */
		5760CCA221F8206500B9EFEF /* Project object */ = {
			isa = PBXProject;
			attributes = {
				LastSwiftUpdateCheck = 1010;
				LastUpgradeCheck = 1010;
				ORGANIZATIONNAME = "Qiran shen";
				TargetAttributes = {
					5760CCA921F8206500B9EFEF = {
						CreatedOnToolsVersion = 10.1;
					};
					5760CCBD21F8206700B9EFEF = {
						CreatedOnToolsVersion = 10.1;
						TestTargetID = 5760CCA921F8206500B9EFEF;
					};
					5760CCC821F8206700B9EFEF = {
						CreatedOnToolsVersion = 10.1;
						TestTargetID = 5760CCA921F8206500B9EFEF;
					};
				};
			};
			buildConfigurationList = 5760CCA521F8206500B9EFEF /* Build configuration list for PBXProject "TipCalculator" */;
			compatibilityVersion = "Xcode 9.3";
			developmentRegion = en;
			hasScannedForEncodings = 0;
			knownRegions = (
				en,
				Base,
			);
			mainGroup = 5760CCA121F8206500B9EFEF;
			productRefGroup = 5760CCAB21F8206500B9EFEF /* Products */;
			projectDirPath = "";
			projectRoot = "";
			targets = (
				5760CCA921F8206500B9EFEF /* TipCalculator */,
				5760CCBD21F8206700B9EFEF /* TipCalculatorTests */,
				5760CCC821F8206700B9EFEF /* TipCalculatorUITests */,
			);
		};
/* End PBXProject section */

/* Begin PBXResourcesBuildPhase section */
		5760CCA821F8206500B9EFEF /* Resources */ = {
			isa = PBXResourcesBuildPhase;
			buildActionMask = 2147483647;
			files = (
				5760CCB821F8206600B9EFEF /* LaunchScreen.storyboard in Resources */,
				5760CCB521F8206600B9EFEF /* Assets.xcassets in Resources */,
				5760CCB321F8206500B9EFEF /* Main.storyboard in Resources */,
			);
			runOnlyForDeploymentPostprocessing = 0;
		};
		5760CCBC21F8206700B9EFEF /* Resources */ = {
			isa = PBXResourcesBuildPhase;
			buildActionMask = 2147483647;
			files = (
			);
			runOnlyForDeploymentPostprocessing = 0;
		};
		5760CCC721F8206700B9EFEF /* Resources */ = {
			isa = PBXResourcesBuildPhase;
			buildActionMask = 2147483647;
			files = (
			);
			runOnlyForDeploymentPostprocessing = 0;
		};
/* End PBXResourcesBuildPhase section */

/* Begin PBXSourcesBuildPhase section */
		5760CCA621F8206500B9EFEF /* Sources */ = {
			isa = PBXSourcesBuildPhase;
			buildActionMask = 2147483647;
			files = (
				5760CCB021F8206500B9EFEF /* ViewController.swift in Sources */,
				5760CCAE21F8206500B9EFEF /* AppDelegate.swift in Sources */,
			);
			runOnlyForDeploymentPostprocessing = 0;
		};
		5760CCBA21F8206700B9EFEF /* Sources */ = {
			isa = PBXSourcesBuildPhase;
			buildActionMask = 2147483647;
			files = (
				5760CCC321F8206700B9EFEF /* TipCalculatorTests.swift in Sources */,
			);
			runOnlyForDeploymentPostprocessing = 0;
		};
		5760CCC521F8206700B9EFEF /* Sources */ = {
			isa = PBXSourcesBuildPhase;
			buildActionMask = 2147483647;
			files = (
				5760CCCE21F8206700B9EFEF /* TipCalculatorUITests.swift in Sources */,
			);
			runOnlyForDeploymentPostprocessing = 0;
		};
/* End PBXSourcesBuildPhase section */

/* Begin PBXTargetDependency section */
		5760CCC021F8206700B9EFEF /* PBXTargetDependency */ = {
			isa = PBXTargetDependency;
			target = 5760CCA921F8206500B9EFEF /* TipCalculator */;
			targetProxy = 5760CCBF21F8206700B9EFEF /* PBXContainerItemProxy */;
		};
		5760CCCB21F8206700B9EFEF /* PBXTargetDependency */ = {
			isa = PBXTargetDependency;
			target = 5760CCA921F8206500B9EFEF /* TipCalculator */;
			targetProxy = 5760CCCA21F8206700B9EFEF /* PBXContainerItemProxy */;
		};
/* End PBXTargetDependency section */

/* Begin PBXVariantGroup section */
		5760CCB121F8206500B9EFEF /* Main.storyboard */ = {
			isa = PBXVariantGroup;
			children = (
				5760CCB221F8206500B9EFEF /* Base */,
			);
			name = Main.storyboard;
			sourceTree = "<group>";
		};
		5760CCB621F8206600B9EFEF /* LaunchScreen.storyboard */ = {
			isa = PBXVariantGroup;
			children = (
				5760CCB721F8206600B9EFEF /* Base */,
			);
			name = LaunchScreen.storyboard;
			sourceTree = "<group>";
		};
/* End PBXVariantGroup section */

/* Begin XCBuildConfiguration section */
		5760CCD021F8206700B9EFEF /* Debug */ = {
			isa = XCBuildConfiguration;
			buildSettings = {
				ALWAYS_SEARCH_USER_PATHS = NO;
				CLANG_ANALYZER_NONNULL = YES;
				CLANG_ANALYZER_NUMBER_OBJECT_CONVERSION = YES_AGGRESSIVE;
				CLANG_CXX_LANGUAGE_STANDARD = "gnu++14";
				CLANG_CXX_LIBRARY = "libc++";
				CLANG_ENABLE_MODULES = YES;
				CLANG_ENABLE_OBJC_ARC = YES;
				CLANG_ENABLE_OBJC_WEAK = YES;
				CLANG_WARN_BLOCK_CAPTURE_AUTORELEASING = YES;
				CLANG_WARN_BOOL_CONVERSION = YES;
				CLANG_WARN_COMMA = YES;
				CLANG_WARN_CONSTANT_CONVERSION = YES;
				CLANG_WARN_DEPRECATED_OBJC_IMPLEMENTATIONS = YES;
				CLANG_WARN_DIRECT_OBJC_ISA_USAGE = YES_ERROR;
				CLANG_WARN_DOCUMENTATION_COMMENTS = YES;
				CLANG_WARN_EMPTY_BODY = YES;
				CLANG_WARN_ENUM_CONVERSION = YES;
				CLANG_WARN_INFINITE_RECURSION = YES;
				CLANG_WARN_INT_CONVERSION = YES;
				CLANG_WARN_NON_LITERAL_NULL_CONVERSION = YES;
				CLANG_WARN_OBJC_IMPLICIT_RETAIN_SELF = YES;
				CLANG_WARN_OBJC_LITERAL_CONVERSION = YES;
				CLANG_WARN_OBJC_ROOT_CLASS = YES_ERROR;
				CLANG_WARN_RANGE_LOOP_ANALYSIS = YES;
				CLANG_WARN_STRICT_PROTOTYPES = YES;
				CLANG_WARN_SUSPICIOUS_MOVE = YES;
				CLANG_WARN_UNGUARDED_AVAILABILITY = YES_AGGRESSIVE;
				CLANG_WARN_UNREACHABLE_CODE = YES;
				CLANG_WARN__DUPLICATE_METHOD_MATCH = YES;
				CODE_SIGN_IDENTITY = "iPhone Developer";
				COPY_PHASE_STRIP = NO;
				DEBUG_INFORMATION_FORMAT = dwarf;
				ENABLE_STRICT_OBJC_MSGSEND = YES;
				ENABLE_TESTABILITY = YES;
				GCC_C_LANGUAGE_STANDARD = gnu11;
				GCC_DYNAMIC_NO_PIC = NO;
				GCC_NO_COMMON_BLOCKS = YES;
				GCC_OPTIMIZATION_LEVEL = 0;
				GCC_PREPROCESSOR_DEFINITIONS = (
					"DEBUG=1",
					"$(inherited)",
				);
				GCC_WARN_64_TO_32_BIT_CONVERSION = YES;
				GCC_WARN_ABOUT_RETURN_TYPE = YES_ERROR;
				GCC_WARN_UNDECLARED_SELECTOR = YES;
				GCC_WARN_UNINITIALIZED_AUTOS = YES_AGGRESSIVE;
				GCC_WARN_UNUSED_FUNCTION = YES;
				GCC_WARN_UNUSED_VARIABLE = YES;
				IPHONEOS_DEPLOYMENT_TARGET = 12.1;
				MTL_ENABLE_DEBUG_INFO = INCLUDE_SOURCE;
				MTL_FAST_MATH = YES;
				ONLY_ACTIVE_ARCH = YES;
				SDKROOT = iphoneos;
				SWIFT_ACTIVE_COMPILATION_CONDITIONS = DEBUG;
				SWIFT_OPTIMIZATION_LEVEL = "-Onone";
			};
			name = Debug;
		};
		5760CCD121F8206700B9EFEF /* Release */ = {
			isa = XCBuildConfiguration;
			buildSettings = {
				ALWAYS_SEARCH_USER_PATHS = NO;
				CLANG_ANALYZER_NONNULL = YES;
				CLANG_ANALYZER_NUMBER_OBJECT_CONVERSION = YES_AGGRESSIVE;
				CLANG_CXX_LANGUAGE_STANDARD = "gnu++14";
				CLANG_CXX_LIBRARY = "libc++";
				CLANG_ENABLE_MODULES = YES;
				CLANG_ENABLE_OBJC_ARC = YES;
				CLANG_ENABLE_OBJC_WEAK = YES;
				CLANG_WARN_BLOCK_CAPTURE_AUTORELEASING = YES;
				CLANG_WARN_BOOL_CONVERSION = YES;
				CLANG_WARN_COMMA = YES;
				CLANG_WARN_CONSTANT_CONVERSION = YES;
				CLANG_WARN_DEPRECATED_OBJC_IMPLEMENTATIONS = YES;
				CLANG_WARN_DIRECT_OBJC_ISA_USAGE = YES_ERROR;
				CLANG_WARN_DOCUMENTATION_COMMENTS = YES;
				CLANG_WARN_EMPTY_BODY = YES;
				CLANG_WARN_ENUM_CONVERSION = YES;
				CLANG_WARN_INFINITE_RECURSION = YES;
				CLANG_WARN_INT_CONVERSION = YES;
				CLANG_WARN_NON_LITERAL_NULL_CONVERSION = YES;
				CLANG_WARN_OBJC_IMPLICIT_RETAIN_SELF = YES;
				CLANG_WARN_OBJC_LITERAL_CONVERSION = YES;
				CLANG_WARN_OBJC_ROOT_CLASS = YES_ERROR;
				CLANG_WARN_RANGE_LOOP_ANALYSIS = YES;
				CLANG_WARN_STRICT_PROTOTYPES = YES;
				CLANG_WARN_SUSPICIOUS_MOVE = YES;
				CLANG_WARN_UNGUARDED_AVAILABILITY = YES_AGGRESSIVE;
				CLANG_WARN_UNREACHABLE_CODE = YES;
				CLANG_WARN__DUPLICATE_METHOD_MATCH = YES;
				CODE_SIGN_IDENTITY = "iPhone Developer";
				COPY_PHASE_STRIP = NO;
				DEBUG_INFORMATION_FORMAT = "dwarf-with-dsym";
				ENABLE_NS_ASSERTIONS = NO;
				ENABLE_STRICT_OBJC_MSGSEND = YES;
				GCC_C_LANGUAGE_STANDARD = gnu11;
				GCC_NO_COMMON_BLOCKS = YES;
				GCC_WARN_64_TO_32_BIT_CONVERSION = YES;
				GCC_WARN_ABOUT_RETURN_TYPE = YES_ERROR;
				GCC_WARN_UNDECLARED_SELECTOR = YES;
				GCC_WARN_UNINITIALIZED_AUTOS = YES_AGGRESSIVE;
				GCC_WARN_UNUSED_FUNCTION = YES;
				GCC_WARN_UNUSED_VARIABLE = YES;
				IPHONEOS_DEPLOYMENT_TARGET = 12.1;
				MTL_ENABLE_DEBUG_INFO = NO;
				MTL_FAST_MATH = YES;
				SDKROOT = iphoneos;
				SWIFT_COMPILATION_MODE = wholemodule;
				SWIFT_OPTIMIZATION_LEVEL = "-O";
				VALIDATE_PRODUCT = YES;
			};
			name = Release;
		};
		5760CCD321F8206700B9EFEF /* Debug */ = {
			isa = XCBuildConfiguration;
			buildSettings = {
				ASSETCATALOG_COMPILER_APPICON_NAME = AppIcon;
				CODE_SIGN_STYLE = Automatic;
				INFOPLIST_FILE = TipCalculator/Info.plist;
				LD_RUNPATH_SEARCH_PATHS = (
					"$(inherited)",
					"@executable_path/Frameworks",
				);
				PRODUCT_BUNDLE_IDENTIFIER = qiranshen.TipCalculator;
				PRODUCT_NAME = "$(TARGET_NAME)";
				SWIFT_VERSION = 4.2;
				TARGETED_DEVICE_FAMILY = "1,2";
			};
			name = Debug;
		};
		5760CCD421F8206700B9EFEF /* Release */ = {
			isa = XCBuildConfiguration;
			buildSettings = {
				ASSETCATALOG_COMPILER_APPICON_NAME = AppIcon;
				CODE_SIGN_STYLE = Automatic;
				INFOPLIST_FILE = TipCalculator/Info.plist;
				LD_RUNPATH_SEARCH_PATHS = (
					"$(inherited)",
					"@executable_path/Frameworks",
				);
				PRODUCT_BUNDLE_IDENTIFIER = qiranshen.TipCalculator;
				PRODUCT_NAME = "$(TARGET_NAME)";
				SWIFT_VERSION = 4.2;
				TARGETED_DEVICE_FAMILY = "1,2";
			};
			name = Release;
		};
		5760CCD621F8206700B9EFEF /* Debug */ = {
			isa = XCBuildConfiguration;
			buildSettings = {
				ALWAYS_EMBED_SWIFT_STANDARD_LIBRARIES = YES;
				BUNDLE_LOADER = "$(TEST_HOST)";
				CODE_SIGN_STYLE = Automatic;
				INFOPLIST_FILE = TipCalculatorTests/Info.plist;
				LD_RUNPATH_SEARCH_PATHS = (
					"$(inherited)",
					"@executable_path/Frameworks",
					"@loader_path/Frameworks",
				);
				PRODUCT_BUNDLE_IDENTIFIER = qiranshen.TipCalculatorTests;
				PRODUCT_NAME = "$(TARGET_NAME)";
				SWIFT_VERSION = 4.2;
				TARGETED_DEVICE_FAMILY = "1,2";
				TEST_HOST = "$(BUILT_PRODUCTS_DIR)/TipCalculator.app/TipCalculator";
			};
			name = Debug;
		};
		5760CCD721F8206700B9EFEF /* Release */ = {
			isa = XCBuildConfiguration;
			buildSettings = {
				ALWAYS_EMBED_SWIFT_STANDARD_LIBRARIES = YES;
				BUNDLE_LOADER = "$(TEST_HOST)";
				CODE_SIGN_STYLE = Automatic;
				INFOPLIST_FILE = TipCalculatorTests/Info.plist;
				LD_RUNPATH_SEARCH_PATHS = (
					"$(inherited)",
					"@executable_path/Frameworks",
					"@loader_path/Frameworks",
				);
				PRODUCT_BUNDLE_IDENTIFIER = qiranshen.TipCalculatorTests;
				PRODUCT_NAME = "$(TARGET_NAME)";
				SWIFT_VERSION = 4.2;
				TARGETED_DEVICE_FAMILY = "1,2";
				TEST_HOST = "$(BUILT_PRODUCTS_DIR)/TipCalculator.app/TipCalculator";
			};
			name = Release;
		};
		5760CCD921F8206700B9EFEF /* Debug */ = {
			isa = XCBuildConfiguration;
			buildSettings = {
				ALWAYS_EMBED_SWIFT_STANDARD_LIBRARIES = YES;
				CODE_SIGN_STYLE = Automatic;
				INFOPLIST_FILE = TipCalculatorUITests/Info.plist;
				LD_RUNPATH_SEARCH_PATHS = (
					"$(inherited)",
					"@executable_path/Frameworks",
					"@loader_path/Frameworks",
				);
				PRODUCT_BUNDLE_IDENTIFIER = qiranshen.TipCalculatorUITests;
				PRODUCT_NAME = "$(TARGET_NAME)";
				SWIFT_VERSION = 4.2;
				TARGETED_DEVICE_FAMILY = "1,2";
				TEST_TARGET_NAME = TipCalculator;
			};
			name = Debug;
		};
		5760CCDA21F8206700B9EFEF /* Release */ = {
			isa = XCBuildConfiguration;
			buildSettings = {
				ALWAYS_EMBED_SWIFT_STANDARD_LIBRARIES = YES;
				CODE_SIGN_STYLE = Automatic;
				INFOPLIST_FILE = TipCalculatorUITests/Info.plist;
				LD_RUNPATH_SEARCH_PATHS = (
					"$(inherited)",
					"@executable_path/Frameworks",
					"@loader_path/Frameworks",
				);
				PRODUCT_BUNDLE_IDENTIFIER = qiranshen.TipCalculatorUITests;
				PRODUCT_NAME = "$(TARGET_NAME)";
				SWIFT_VERSION = 4.2;
				TARGETED_DEVICE_FAMILY = "1,2";
				TEST_TARGET_NAME = TipCalculator;
			};
			name = Release;
		};
/* End XCBuildConfiguration section */

/* Begin XCConfigurationList section */
		5760CCA521F8206500B9EFEF /* Build configuration list for PBXProject "TipCalculator" */ = {
			isa = XCConfigurationList;
			buildConfigurations = (
				5760CCD021F8206700B9EFEF /* Debug */,
				5760CCD121F8206700B9EFEF /* Release */,
			);
			defaultConfigurationIsVisible = 0;
			defaultConfigurationName = Release;
		};
		5760CCD221F8206700B9EFEF /* Build configuration list for PBXNativeTarget "TipCalculator" */ = {
			isa = XCConfigurationList;
			buildConfigurations = (
				5760CCD321F8206700B9EFEF /* Debug */,
				5760CCD421F8206700B9EFEF /* Release */,
			);
			defaultConfigurationIsVisible = 0;
			defaultConfigurationName = Release;
		};
		5760CCD521F8206700B9EFEF /* Build configuration list for PBXNativeTarget "TipCalculatorTests" */ = {
			isa = XCConfigurationList;
			buildConfigurations = (
				5760CCD621F8206700B9EFEF /* Debug */,
				5760CCD721F8206700B9EFEF /* Release */,
			);
			defaultConfigurationIsVisible = 0;
			defaultConfigurationName = Release;
		};
		5760CCD821F8206700B9EFEF /* Build configuration list for PBXNativeTarget "TipCalculatorUITests" */ = {
			isa = XCConfigurationList;
			buildConfigurations = (
				5760CCD921F8206700B9EFEF /* Debug */,
				5760CCDA21F8206700B9EFEF /* Release */,
			);
			defaultConfigurationIsVisible = 0;
			defaultConfigurationName = Release;
		};
/* End XCConfigurationList section */
	};
	rootObject = 5760CCA221F8206500B9EFEF /* Project object */;
}
